
Microsoft Visual Studio Solution File, Format Version 12.00
# Visual Studio 15
VisualStudioVersion = 15.0.27703.2026
MinimumVisualStudioVersion = 10.0.40219.1
Project("{FAE04EC0-301F-11D3-BF4B-00C04F79EFBC}") = "AppContingenciaPex.Android", "AppContingenciaPex\AppContingenciaPex.Android\AppContingenciaPex.Android.csproj", "{DF503443-B47E-4D60-B79B-E0F8E4813900}"
	ProjectSection(ProjectDependencies) = postProject
		{B031F6B3-081B-45C0-A7AC-DDE055BB1C93} = {B031F6B3-081B-45C0-A7AC-DDE055BB1C93}
	EndProjectSection
EndProject
Project("{FAE04EC0-301F-11D3-BF4B-00C04F79EFBC}") = "AppContingenciaPex.iOS", "AppContingenciaPex\AppContingenciaPex.iOS\AppContingenciaPex.iOS.csproj", "{B031F6B3-081B-45C0-A7AC-DDE055BB1C93}"
EndProject
Project("{FAE04EC0-301F-11D3-BF4B-00C04F79EFBC}") = "AppContingenciaPex", "AppContingenciaPex\AppContingenciaPex\AppContingenciaPex.csproj", "{188557C3-5997-43D7-8495-DE7BAA66B16B}"
EndProject
Global
	GlobalSection(SolutionConfigurationPlatforms) = preSolution
		Ad-Hoc|Any CPU = Ad-Hoc|Any CPU
		Ad-Hoc|iPhone = Ad-Hoc|iPhone
		Ad-Hoc|iPhoneSimulator = Ad-Hoc|iPhoneSimulator
		AppStore|Any CPU = AppStore|Any CPU
		AppStore|iPhone = AppStore|iPhone
		AppStore|iPhoneSimulator = AppStore|iPhoneSimulator
		Debug|Any CPU = Debug|Any CPU
		Debug|iPhone = Debug|iPhone
		Debug|iPhoneSimulator = Debug|iPhoneSimulator
		Release|Any CPU = Release|Any CPU
		Release|iPhone = Release|iPhone
		Release|iPhoneSimulator = Release|iPhoneSimulator
	EndGlobalSection
	GlobalSection(ProjectConfigurationPlatforms) = postSolution
		{DF503443-B47E-4D60-B79B-E0F8E4813900}.Ad-Hoc|Any CPU.ActiveCfg = Release|Any CPU
		{DF503443-B47E-4D60-B79B-E0F8E4813900}.Ad-Hoc|Any CPU.Build.0 = Release|Any CPU
		{DF503443-B47E-4D60-B79B-E0F8E4813900}.Ad-Hoc|Any CPU.Deploy.0 = Release|Any CPU
		{DF503443-B47E-4D60-B79B-E0F8E4813900}.Ad-Hoc|iPhone.ActiveCfg = Release|Any CPU
		{DF503443-B47E-4D60-B79B-E0F8E4813900}.Ad-Hoc|iPhone.Build.0 = Release|Any CPU
		{DF503443-B47E-4D60-B79B-E0F8E4813900}.Ad-Hoc|iPhone.Deploy.0 = Release|Any CPU
		{DF503443-B47E-4D60-B79B-E0F8E4813900}.Ad-Hoc|iPhoneSimulator.ActiveCfg = Release|Any CPU
		{DF503443-B47E-4D60-B79B-E0F8E4813900}.Ad-Hoc|iPhoneSimulator.Build.0 = Release|Any CPU
		{DF503443-B47E-4D60-B79B-E0F8E4813900}.Ad-Hoc|iPhoneSimulator.Deploy.0 = Release|Any CPU
		{DF503443-B47E-4D60-B79B-E0F8E4813900}.AppStore|Any CPU.ActiveCfg = Release|Any CPU
		{DF503443-B47E-4D60-B79B-E0F8E4813900}.AppStore|Any CPU.Build.0 = Release|Any CPU
		{DF503443-B47E-4D60-B79B-E0F8E4813900}.AppStore|Any CPU.Deploy.0 = Release|Any CPU
		{DF503443-B47E-4D60-B79B-E0F8E4813900}.AppStore|iPhone.ActiveCfg = Release|Any CPU
		{DF503443-B47E-4D60-B79B-E0F8E4813900}.AppStore|iPhone.Build.0 = Release|Any CPU
		{DF503443-B47E-4D60-B79B-E0F8E4813900}.AppStore|iPhone.Deploy.0 = Release|Any CPU
		{DF503443-B47E-4D60-B79B-E0F8E4813900}.AppStore|iPhoneSimulator.ActiveCfg = Release|Any CPU
		{DF503443-B47E-4D60-B79B-E0F8E4813900}.AppStore|iPhoneSimulator.Build.0 = Release|Any CPU
		{DF503443-B47E-4D60-B79B-E0F8E4813900}.AppStore|iPhoneSimulator.Deploy.0 = Release|Any CPU
		{DF503443-B47E-4D60-B79B-E0F8E4813900}.Debug|Any CPU.ActiveCfg = Debug|Any CPU
		{DF503443-B47E-4D60-B79B-E0F8E4813900}.Debug|Any CPU.Build.0 = Debug|Any CPU
		{DF503443-B47E-4D60-B79B-E0F8E4813900}.Debug|Any CPU.Deploy.0 = Debug|Any CPU
		{DF503443-B47E-4D60-B79B-E0F8E4813900}.Debug|iPhone.ActiveCfg = Debug|Any CPU
		{DF503443-B47E-4D60-B79B-E0F8E4813900}.Debug|iPhone.Build.0 = Debug|Any CPU
		{DF503443-B47E-4D60-B79B-E0F8E4813900}.Debug|iPhone.Deploy.0 = Debug|Any CPU
		{DF503443-B47E-4D60-B79B-E0F8E4813900}.Debug|iPhoneSimulator.ActiveCfg = Debug|Any CPU
		{DF503443-B47E-4D60-B79B-E0F8E4813900}.Debug|iPhoneSimulator.Build.0 = Debug|Any CPU
		{DF503443-B47E-4D60-B79B-E0F8E4813900}.Debug|iPhoneSimulator.Deploy.0 = Debug|Any CPU
		{DF503443-B47E-4D60-B79B-E0F8E4813900}.Release|Any CPU.ActiveCfg = Release|Any CPU
		{DF503443-B47E-4D60-B79B-E0F8E4813900}.Release|Any CPU.Build.0 = Release|Any CPU
		{DF503443-B47E-4D60-B79B-E0F8E4813900}.Release|Any CPU.Deploy.0 = Release|Any CPU
		{DF503443-B47E-4D60-B79B-E0F8E4813900}.Release|iPhone.ActiveCfg = Release|Any CPU
		{DF503443-B47E-4D60-B79B-E0F8E4813900}.Release|iPhone.Build.0 = Release|Any CPU
		{DF503443-B47E-4D60-B79B-E0F8E4813900}.Release|iPhone.Deploy.0 = Release|Any CPU
		{DF503443-B47E-4D60-B79B-E0F8E4813900}.Release|iPhoneSimulator.ActiveCfg = Release|Any CPU
		{DF503443-B47E-4D60-B79B-E0F8E4813900}.Release|iPhoneSimulator.Build.0 = Release|Any CPU
		{DF503443-B47E-4D60-B79B-E0F8E4813900}.Release|iPhoneSimulator.Deploy.0 = Release|Any CPU
		{B031F6B3-081B-45C0-A7AC-DDE055BB1C93}.Ad-Hoc|Any CPU.ActiveCfg = Ad-Hoc|iPhone
		{B031F6B3-081B-45C0-A7AC-DDE055BB1C93}.Ad-Hoc|Any CPU.Build.0 = Ad-Hoc|iPhone
		{B031F6B3-081B-45C0-A7AC-DDE055BB1C93}.Ad-Hoc|Any CPU.Deploy.0 = Ad-Hoc|iPhone
		{B031F6B3-081B-45C0-A7AC-DDE055BB1C93}.Ad-Hoc|iPhone.ActiveCfg = Ad-Hoc|iPhone
		{B031F6B3-081B-45C0-A7AC-DDE055BB1C93}.Ad-Hoc|iPhone.Build.0 = Ad-Hoc|iPhone
		{B031F6B3-081B-45C0-A7AC-DDE055BB1C93}.Ad-Hoc|iPhone.Deploy.0 = Ad-Hoc|iPhone
		{B031F6B3-081B-45C0-A7AC-DDE055BB1C93}.Ad-Hoc|iPhoneSimulator.ActiveCfg = Ad-Hoc|iPhoneSimulator
		{B031F6B3-081B-45C0-A7AC-DDE055BB1C93}.Ad-Hoc|iPhoneSimulator.Build.0 = Ad-Hoc|iPhoneSimulator
		{B031F6B3-081B-45C0-A7AC-DDE055BB1C93}.Ad-Hoc|iPhoneSimulator.Deploy.0 = Ad-Hoc|iPhoneSimulator
		{B031F6B3-081B-45C0-A7AC-DDE055BB1C93}.AppStore|Any CPU.ActiveCfg = AppStore|iPhone
		{B031F6B3-081B-45C0-A7AC-DDE055BB1C93}.AppStore|Any CPU.Build.0 = AppStore|iPhone
		{B031F6B3-081B-45C0-A7AC-DDE055BB1C93}.AppStore|Any CPU.Deploy.0 = AppStore|iPhone
		{B031F6B3-081B-45C0-A7AC-DDE055BB1C93}.AppStore|iPhone.ActiveCfg = AppStore|iPhone
		{B031F6B3-081B-45C0-A7AC-DDE055BB1C93}.AppStore|iPhone.Build.0 = AppStore|iPhone
		{B031F6B3-081B-45C0-A7AC-DDE055BB1C93}.AppStore|iPhone.Deploy.0 = AppStore|iPhone
		{B031F6B3-081B-45C0-A7AC-DDE055BB1C93}.AppStore|iPhoneSimulator.ActiveCfg = AppStore|iPhoneSimulator
		{B031F6B3-081B-45C0-A7AC-DDE055BB1C93}.AppStore|iPhoneSimulator.Build.0 = AppStore|iPhoneSimulator
		{B031F6B3-081B-45C0-A7AC-DDE055BB1C93}.AppStore|iPhoneSimulator.Deploy.0 = AppStore|iPhoneSimulator
		{B031F6B3-081B-45C0-A7AC-DDE055BB1C93}.Debug|Any CPU.ActiveCfg = Debug|iPhoneSimulator
		{B031F6B3-081B-45C0-A7AC-DDE055BB1C93}.Debug|Any CPU.Build.0 = Debug|iPhoneSimulator
		{B031F6B3-081B-45C0-A7AC-DDE055BB1C93}.Debug|Any CPU.Deploy.0 = Debug|iPhoneSimulator
		{B031F6B3-081B-45C0-A7AC-DDE055BB1C93}.Debug|iPhone.ActiveCfg = Debug|iPhone
		{B031F6B3-081B-45C0-A7AC-DDE055BB1C93}.Debug|iPhone.Build.0 = Debug|iPhone
		{B031F6B3-081B-45C0-A7AC-DDE055BB1C93}.Debug|iPhone.Deploy.0 = Debug|iPhone
		{B031F6B3-081B-45C0-A7AC-DDE055BB1C93}.Debug|iPhoneSimulator.ActiveCfg = Debug|iPhoneSimulator
		{B031F6B3-081B-45C0-A7AC-DDE055BB1C93}.Debug|iPhoneSimulator.Build.0 = Debug|iPhoneSimulator
		{B031F6B3-081B-45C0-A7AC-DDE055BB1C93}.Debug|iPhoneSimulator.Deploy.0 = Debug|iPhoneSimulator
		{B031F6B3-081B-45C0-A7AC-DDE055BB1C93}.Release|Any CPU.ActiveCfg = Release|iPhone
		{B031F6B3-081B-45C0-A7AC-DDE055BB1C93}.Release|Any CPU.Build.0 = Release|iPhone
		{B031F6B3-081B-45C0-A7AC-DDE055BB1C93}.Release|Any CPU.Deploy.0 = Release|iPhone
		{B031F6B3-081B-45C0-A7AC-DDE055BB1C93}.Release|iPhone.ActiveCfg = Release|iPhone
		{B031F6B3-081B-45C0-A7AC-DDE055BB1C93}.Release|iPhone.Build.0 = Release|iPhone
		{B031F6B3-081B-45C0-A7AC-DDE055BB1C93}.Release|iPhone.Deploy.0 = Release|iPhone
		{B031F6B3-081B-45C0-A7AC-DDE055BB1C93}.Release|iPhoneSimulator.ActiveCfg = Release|iPhoneSimulator
		{B031F6B3-081B-45C0-A7AC-DDE055BB1C93}.Release|iPhoneSimulator.Build.0 = Release|iPhoneSimulator
		{B031F6B3-081B-45C0-A7AC-DDE055BB1C93}.Release|iPhoneSimulator.Deploy.0 = Release|iPhoneSimulator
		{188557C3-5997-43D7-8495-DE7BAA66B16B}.Ad-Hoc|Any CPU.ActiveCfg = Debug|Any CPU
		{188557C3-5997-43D7-8495-DE7BAA66B16B}.Ad-Hoc|Any CPU.Build.0 = Debug|Any CPU
		{188557C3-5997-43D7-8495-DE7BAA66B16B}.Ad-Hoc|Any CPU.Deploy.0 = Debug|Any CPU
		{188557C3-5997-43D7-8495-DE7BAA66B16B}.Ad-Hoc|iPhone.ActiveCfg = Debug|Any CPU
		{188557C3-5997-43D7-8495-DE7BAA66B16B}.Ad-Hoc|iPhone.Build.0 = Debug|Any CPU
		{188557C3-5997-43D7-8495-DE7BAA66B16B}.Ad-Hoc|iPhone.Deploy.0 = Debug|Any CPU
		{188557C3-5997-43D7-8495-DE7BAA66B16B}.Ad-Hoc|iPhoneSimulator.ActiveCfg = Debug|Any CPU
		{188557C3-5997-43D7-8495-DE7BAA66B16B}.Ad-Hoc|iPhoneSimulator.Build.0 = Debug|Any CPU
		{188557C3-5997-43D7-8495-DE7BAA66B16B}.Ad-Hoc|iPhoneSimulator.Deploy.0 = Debug|Any CPU
		{188557C3-5997-43D7-8495-DE7BAA66B16B}.AppStore|Any CPU.ActiveCfg = Debug|Any CPU
		{188557C3-5997-43D7-8495-DE7BAA66B16B}.AppStore|Any CPU.Build.0 = Debug|Any CPU
		{188557C3-5997-43D7-8495-DE7BAA66B16B}.AppStore|Any CPU.Deploy.0 = Debug|Any CPU
		{188557C3-5997-43D7-8495-DE7BAA66B16B}.AppStore|iPhone.ActiveCfg = Debug|Any CPU
		{188557C3-5997-43D7-8495-DE7BAA66B16B}.AppStore|iPhone.Build.0 = Debug|Any CPU
		{188557C3-5997-43D7-8495-DE7BAA66B16B}.AppStore|iPhone.Deploy.0 = Debug|Any CPU
		{188557C3-5997-43D7-8495-DE7BAA66B16B}.AppStore|iPhoneSimulator.ActiveCfg = Debug|Any CPU
		{188557C3-5997-43D7-8495-DE7BAA66B16B}.AppStore|iPhoneSimulator.Build.0 = Debug|Any CPU
		{188557C3-5997-43D7-8495-DE7BAA66B16B}.AppStore|iPhoneSimulator.Deploy.0 = Debug|Any CPU
		{188557C3-5997-43D7-8495-DE7BAA66B16B}.Debug|Any CPU.ActiveCfg = Debug|Any CPU
		{188557C3-5997-43D7-8495-DE7BAA66B16B}.Debug|Any CPU.Build.0 = Debug|Any CPU
		{188557C3-5997-43D7-8495-DE7BAA66B16B}.Debug|Any CPU.Deploy.0 = Debug|Any CPU
		{188557C3-5997-43D7-8495-DE7BAA66B16B}.Debug|iPhone.ActiveCfg = Debug|Any CPU
		{188557C3-5997-43D7-8495-DE7BAA66B16B}.Debug|iPhone.Build.0 = Debug|Any CPU
		{188557C3-5997-43D7-8495-DE7BAA66B16B}.Debug|iPhone.Deploy.0 = Debug|Any CPU
		{188557C3-5997-43D7-8495-DE7BAA66B16B}.Debug|iPhoneSimulator.ActiveCfg = Debug|Any CPU
		{188557C3-5997-43D7-8495-DE7BAA66B16B}.Debug|iPhoneSimulator.Build.0 = Debug|Any CPU
		{188557C3-5997-43D7-8495-DE7BAA66B16B}.Debug|iPhoneSimulator.Deploy.0 = Debug|Any CPU
		{188557C3-5997-43D7-8495-DE7BAA66B16B}.Release|Any CPU.ActiveCfg = Release|Any CPU
		{188557C3-5997-43D7-8495-DE7BAA66B16B}.Release|Any CPU.Build.0 = Release|Any CPU
		{188557C3-5997-43D7-8495-DE7BAA66B16B}.Release|Any CPU.Deploy.0 = Release|Any CPU
		{188557C3-5997-43D7-8495-DE7BAA66B16B}.Release|iPhone.ActiveCfg = Release|Any CPU
		{188557C3-5997-43D7-8495-DE7BAA66B16B}.Release|iPhone.Build.0 = Release|Any CPU
		{188557C3-5997-43D7-8495-DE7BAA66B16B}.Release|iPhone.Deploy.0 = Release|Any CPU
		{188557C3-5997-43D7-8495-DE7BAA66B16B}.Release|iPhoneSimulator.ActiveCfg = Release|Any CPU
		{188557C3-5997-43D7-8495-DE7BAA66B16B}.Release|iPhoneSimulator.Build.0 = Release|Any CPU
		{188557C3-5997-43D7-8495-DE7BAA66B16B}.Release|iPhoneSimulator.Deploy.0 = Release|Any CPU
	EndGlobalSection
	GlobalSection(SolutionProperties) = preSolution
		HideSolutionNode = FALSE
	EndGlobalSection
	GlobalSection(ExtensibilityGlobals) = postSolution
		SolutionGuid = {CDB2F190-1050-4719-A7E6-EBC482A876EF}
	EndGlobalSection
EndGlobal
